
Microsoft Visual Studio Solution File, Format Version 12.00
# Visual Studio Version 17
VisualStudioVersion = 17.3.32929.385
MinimumVisualStudioVersion = 10.0.40219.1
Project("{FAE04EC0-301F-11D3-BF4B-00C04F79EFBC}") = "WpfApp4", "WpfApp4\WpfApp4.csproj", "{628F183A-B808-4A4F-A413-EA6862D0F206}"
EndProject
Global
	GlobalSection(SolutionConfigurationPlatforms) = preSolution
		Debug|Any CPU = Debug|Any CPU
		Release|Any CPU = Release|Any CPU
	EndGlobalSection
	GlobalSection(ProjectConfigurationPlatforms) = postSolution
		{628F183A-B808-4A4F-A413-EA6862D0F206}.Debug|Any CPU.ActiveCfg = Debug|Any CPU
		{628F183A-B808-4A4F-A413-EA6862D0F206}.Debug|Any CPU.Build.0 = Debug|Any CPU
		{628F183A-B808-4A4F-A413-EA6862D0F206}.Release|Any CPU.ActiveCfg = Release|Any CPU
		{628F183A-B808-4A4F-A413-EA6862D0F206}.Release|Any CPU.Build.0 = Release|Any CPU
	EndGlobalSection
	GlobalSection(SolutionProperties) = preSolution
		HideSolutionNode = FALSE
	EndGlobalSection
	GlobalSection(ExtensibilityGlobals) = postSolution
		SolutionGuid = {99BD05C9-FA08-454E-AEFD-AB9C78EF00CF}
	EndGlobalSection
EndGlobal
